// !$*UTF8*$!
{
	archiveVersion = 1;
	classes = {
	};
	objectVersion = 50;
	objects = {

/* Begin PBXBuildFile section */
		940EE21721AA9ED5005D26CF /* AppDelegate.swift in Sources */ = {isa = PBXBuildFile; fileRef = 940EE21621AA9ED5005D26CF /* AppDelegate.swift */; };
		940EE21921AA9ED5005D26CF /* ViewController.swift in Sources */ = {isa = PBXBuildFile; fileRef = 940EE21821AA9ED5005D26CF /* ViewController.swift */; };
		940EE21C21AA9ED5005D26CF /* Main.storyboard in Resources */ = {isa = PBXBuildFile; fileRef = 940EE21A21AA9ED5005D26CF /* Main.storyboard */; };
		940EE21E21AA9ED8005D26CF /* Assets.xcassets in Resources */ = {isa = PBXBuildFile; fileRef = 940EE21D21AA9ED8005D26CF /* Assets.xcassets */; };
		940EE22121AA9ED8005D26CF /* LaunchScreen.storyboard in Resources */ = {isa = PBXBuildFile; fileRef = 940EE21F21AA9ED8005D26CF /* LaunchScreen.storyboard */; };
		940EE22C21AA9ED8005D26CF /* Whats_the_WeatherTests.swift in Sources */ = {isa = PBXBuildFile; fileRef = 940EE22B21AA9ED8005D26CF /* Whats_the_WeatherTests.swift */; };
		940EE23721AA9ED8005D26CF /* Whats_the_WeatherUITests.swift in Sources */ = {isa = PBXBuildFile; fileRef = 940EE23621AA9ED8005D26CF /* Whats_the_WeatherUITests.swift */; };
		940EE24B21AAA5D3005D26CF /* background.jpg in Resources */ = {isa = PBXBuildFile; fileRef = 940EE24A21AAA5D3005D26CF /* background.jpg */; };
/* End PBXBuildFile section */

/* Begin PBXContainerItemProxy section */
		940EE22821AA9ED8005D26CF /* PBXContainerItemProxy */ = {
			isa = PBXContainerItemProxy;
			containerPortal = 940EE20B21AA9ED4005D26CF /* Project object */;
			proxyType = 1;
			remoteGlobalIDString = 940EE21221AA9ED5005D26CF;
			remoteInfo = "Whats the Weather";
		};
		940EE23321AA9ED8005D26CF /* PBXContainerItemProxy */ = {
			isa = PBXContainerItemProxy;
			containerPortal = 940EE20B21AA9ED4005D26CF /* Project object */;
			proxyType = 1;
			remoteGlobalIDString = 940EE21221AA9ED5005D26CF;
			remoteInfo = "Whats the Weather";
		};
/* End PBXContainerItemProxy section */

/* Begin PBXFileReference section */
		940EE21321AA9ED5005D26CF /* Whats the Weather.app */ = {isa = PBXFileReference; explicitFileType = wrapper.application; includeInIndex = 0; path = "Whats the Weather.app"; sourceTree = BUILT_PRODUCTS_DIR; };
		940EE21621AA9ED5005D26CF /* AppDelegate.swift */ = {isa = PBXFileReference; lastKnownFileType = sourcecode.swift; path = AppDelegate.swift; sourceTree = "<group>"; };
		940EE21821AA9ED5005D26CF /* ViewController.swift */ = {isa = PBXFileReference; lastKnownFileType = sourcecode.swift; path = ViewController.swift; sourceTree = "<group>"; };
		940EE21B21AA9ED5005D26CF /* Base */ = {isa = PBXFileReference; lastKnownFileType = file.storyboard; name = Base; path = Base.lproj/Main.storyboard; sourceTree = "<group>"; };
		940EE21D21AA9ED8005D26CF /* Assets.xcassets */ = {isa = PBXFileReference; lastKnownFileType = folder.assetcatalog; path = Assets.xcassets; sourceTree = "<group>"; };
		940EE22021AA9ED8005D26CF /* Base */ = {isa = PBXFileReference; lastKnownFileType = file.storyboard; name = Base; path = Base.lproj/LaunchScreen.storyboard; sourceTree = "<group>"; };
		940EE22221AA9ED8005D26CF /* Info.plist */ = {isa = PBXFileReference; lastKnownFileType = text.plist.xml; path = Info.plist; sourceTree = "<group>"; };
		940EE22721AA9ED8005D26CF /* Whats the WeatherTests.xctest */ = {isa = PBXFileReference; explicitFileType = wrapper.cfbundle; includeInIndex = 0; path = "Whats the WeatherTests.xctest"; sourceTree = BUILT_PRODUCTS_DIR; };
		940EE22B21AA9ED8005D26CF /* Whats_the_WeatherTests.swift */ = {isa = PBXFileReference; lastKnownFileType = sourcecode.swift; path = Whats_the_WeatherTests.swift; sourceTree = "<group>"; };
		940EE22D21AA9ED8005D26CF /* Info.plist */ = {isa = PBXFileReference; lastKnownFileType = text.plist.xml; path = Info.plist; sourceTree = "<group>"; };
		940EE23221AA9ED8005D26CF /* Whats the WeatherUITests.xctest */ = {isa = PBXFileReference; explicitFileType = wrapper.cfbundle; includeInIndex = 0; path = "Whats the WeatherUITests.xctest"; sourceTree = BUILT_PRODUCTS_DIR; };
		940EE23621AA9ED8005D26CF /* Whats_the_WeatherUITests.swift */ = {isa = PBXFileReference; lastKnownFileType = sourcecode.swift; path = Whats_the_WeatherUITests.swift; sourceTree = "<group>"; };
		940EE23821AA9ED8005D26CF /* Info.plist */ = {isa = PBXFileReference; lastKnownFileType = text.plist.xml; path = Info.plist; sourceTree = "<group>"; };
		940EE24A21AAA5D3005D26CF /* background.jpg */ = {isa = PBXFileReference; lastKnownFileType = image.jpeg; path = background.jpg; sourceTree = "<group>"; };
/* End PBXFileReference section */

/* Begin PBXFrameworksBuildPhase section */
		940EE21021AA9ED5005D26CF /* Frameworks */ = {
			isa = PBXFrameworksBuildPhase;
			buildActionMask = 2147483647;
			files = (
			);
			runOnlyForDeploymentPostprocessing = 0;
		};
		940EE22421AA9ED8005D26CF /* Frameworks */ = {
			isa = PBXFrameworksBuildPhase;
			buildActionMask = 2147483647;
			files = (
			);
			runOnlyForDeploymentPostprocessing = 0;
		};
		940EE22F21AA9ED8005D26CF /* Frameworks */ = {
			isa = PBXFrameworksBuildPhase;
			buildActionMask = 2147483647;
			files = (
			);
			runOnlyForDeploymentPostprocessing = 0;
		};
/* End PBXFrameworksBuildPhase section */

/* Begin PBXGroup section */
		940EE20A21AA9ED4005D26CF = {
			isa = PBXGroup;
			children = (
				940EE21521AA9ED5005D26CF /* Whats the Weather */,
				940EE22A21AA9ED8005D26CF /* Whats the WeatherTests */,
				940EE23521AA9ED8005D26CF /* Whats the WeatherUITests */,
				940EE21421AA9ED5005D26CF /* Products */,
			);
			sourceTree = "<group>";
		};
		940EE21421AA9ED5005D26CF /* Products */ = {
			isa = PBXGroup;
			children = (
				940EE21321AA9ED5005D26CF /* Whats the Weather.app */,
				940EE22721AA9ED8005D26CF /* Whats the WeatherTests.xctest */,
				940EE23221AA9ED8005D26CF /* Whats the WeatherUITests.xctest */,
			);
			name = Products;
			sourceTree = "<group>";
		};
		940EE21521AA9ED5005D26CF /* Whats the Weather */ = {
			isa = PBXGroup;
			children = (
				940EE21621AA9ED5005D26CF /* AppDelegate.swift */,
				940EE21821AA9ED5005D26CF /* ViewController.swift */,
				940EE21A21AA9ED5005D26CF /* Main.storyboard */,
				940EE21D21AA9ED8005D26CF /* Assets.xcassets */,
				940EE24A21AAA5D3005D26CF /* background.jpg */,
				940EE21F21AA9ED8005D26CF /* LaunchScreen.storyboard */,
				940EE22221AA9ED8005D26CF /* Info.plist */,
			);
			path = "Whats the Weather";
			sourceTree = "<group>";
		};
		940EE22A21AA9ED8005D26CF /* Whats the WeatherTests */ = {
			isa = PBXGroup;
			children = (
				940EE22B21AA9ED8005D26CF /* Whats_the_WeatherTests.swift */,
				940EE22D21AA9ED8005D26CF /* Info.plist */,
			);
			path = "Whats the WeatherTests";
			sourceTree = "<group>";
		};
		940EE23521AA9ED8005D26CF /* Whats the WeatherUITests */ = {
			isa = PBXGroup;
			children = (
				940EE23621AA9ED8005D26CF /* Whats_the_WeatherUITests.swift */,
				940EE23821AA9ED8005D26CF /* Info.plist */,
			);
			path = "Whats the WeatherUITests";
			sourceTree = "<group>";
		};
/* End PBXGroup section */

/* Begin PBXNativeTarget section */
		940EE21221AA9ED5005D26CF /* Whats the Weather */ = {
			isa = PBXNativeTarget;
			buildConfigurationList = 940EE23B21AA9ED8005D26CF /* Build configuration list for PBXNativeTarget "Whats the Weather" */;
			buildPhases = (
				940EE20F21AA9ED5005D26CF /* Sources */,
				940EE21021AA9ED5005D26CF /* Frameworks */,
				940EE21121AA9ED5005D26CF /* Resources */,
			);
			buildRules = (
			);
			dependencies = (
			);
			name = "Whats the Weather";
			productName = "Whats the Weather";
			productReference = 940EE21321AA9ED5005D26CF /* Whats the Weather.app */;
			productType = "com.apple.product-type.application";
		};
		940EE22621AA9ED8005D26CF /* Whats the WeatherTests */ = {
			isa = PBXNativeTarget;
			buildConfigurationList = 940EE23E21AA9ED8005D26CF /* Build configuration list for PBXNativeTarget "Whats the WeatherTests" */;
			buildPhases = (
				940EE22321AA9ED8005D26CF /* Sources */,
				940EE22421AA9ED8005D26CF /* Frameworks */,
				940EE22521AA9ED8005D26CF /* Resources */,
			);
			buildRules = (
			);
			dependencies = (
				940EE22921AA9ED8005D26CF /* PBXTargetDependency */,
			);
			name = "Whats the WeatherTests";
			productName = "Whats the WeatherTests";
			productReference = 940EE22721AA9ED8005D26CF /* Whats the WeatherTests.xctest */;
			productType = "com.apple.product-type.bundle.unit-test";
		};
		940EE23121AA9ED8005D26CF /* Whats the WeatherUITests */ = {
			isa = PBXNativeTarget;
			buildConfigurationList = 940EE24121AA9ED8005D26CF /* Build configuration list for PBXNativeTarget "Whats the WeatherUITests" */;
			buildPhases = (
				940EE22E21AA9ED8005D26CF /* Sources */,
				940EE22F21AA9ED8005D26CF /* Frameworks */,
				940EE23021AA9ED8005D26CF /* Resources */,
			);
			buildRules = (
			);
			dependencies = (
				940EE23421AA9ED8005D26CF /* PBXTargetDependency */,
			);
			name = "Whats the WeatherUITests";
			productName = "Whats the WeatherUITests";
			productReference = 940EE23221AA9ED8005D26CF /* Whats the WeatherUITests.xctest */;
			productType = "com.apple.product-type.bundle.ui-testing";
		};
/* End PBXNativeTarget section */

/* Begin PBXProject section */
		940EE20B21AA9ED4005D26CF /* Project object */ = {
			isa = PBXProject;
			attributes = {
				LastSwiftUpdateCheck = 1010;
				LastUpgradeCheck = 1010;
				ORGANIZATIONNAME = "Emre Durukan";
				TargetAttributes = {
					940EE21221AA9ED5005D26CF = {
						CreatedOnToolsVersion = 10.1;
					};
					940EE22621AA9ED8005D26CF = {
						CreatedOnToolsVersion = 10.1;
						TestTargetID = 940EE21221AA9ED5005D26CF;
					};
					940EE23121AA9ED8005D26CF = {
						CreatedOnToolsVersion = 10.1;
						TestTargetID = 940EE21221AA9ED5005D26CF;
					};
				};
			};
			buildConfigurationList = 940EE20E21AA9ED4005D26CF /* Build configuration list for PBXProject "Whats the Weather" */;
			compatibilityVersion = "Xcode 9.3";
			developmentRegion = en;
			hasScannedForEncodings = 0;
			knownRegions = (
				en,
				Base,
			);
			mainGroup = 940EE20A21AA9ED4005D26CF;
			productRefGroup = 940EE21421AA9ED5005D26CF /* Products */;
			projectDirPath = "";
			projectRoot = "";
			targets = (
				940EE21221AA9ED5005D26CF /* Whats the Weather */,
				940EE22621AA9ED8005D26CF /* Whats the WeatherTests */,
				940EE23121AA9ED8005D26CF /* Whats the WeatherUITests */,
			);
		};
/* End PBXProject section */

/* Begin PBXResourcesBuildPhase section */
		940EE21121AA9ED5005D26CF /* Resources */ = {
			isa = PBXResourcesBuildPhase;
			buildActionMask = 2147483647;
			files = (
				940EE22121AA9ED8005D26CF /* LaunchScreen.storyboard in Resources */,
				940EE24B21AAA5D3005D26CF /* background.jpg in Resources */,
				940EE21E21AA9ED8005D26CF /* Assets.xcassets in Resources */,
				940EE21C21AA9ED5005D26CF /* Main.storyboard in Resources */,
			);
			runOnlyForDeploymentPostprocessing = 0;
		};
		940EE22521AA9ED8005D26CF /* Resources */ = {
			isa = PBXResourcesBuildPhase;
			buildActionMask = 2147483647;
			files = (
			);
			runOnlyForDeploymentPostprocessing = 0;
		};
		940EE23021AA9ED8005D26CF /* Resources */ = {
			isa = PBXResourcesBuildPhase;
			buildActionMask = 2147483647;
			files = (
			);
			runOnlyForDeploymentPostprocessing = 0;
		};
/* End PBXResourcesBuildPhase section */

/* Begin PBXSourcesBuildPhase section */
		940EE20F21AA9ED5005D26CF /* Sources */ = {
			isa = PBXSourcesBuildPhase;
			buildActionMask = 2147483647;
			files = (
				940EE21921AA9ED5005D26CF /* ViewController.swift in Sources */,
				940EE21721AA9ED5005D26CF /* AppDelegate.swift in Sources */,
			);
			runOnlyForDeploymentPostprocessing = 0;
		};
		940EE22321AA9ED8005D26CF /* Sources */ = {
			isa = PBXSourcesBuildPhase;
			buildActionMask = 2147483647;
			files = (
				940EE22C21AA9ED8005D26CF /* Whats_the_WeatherTests.swift in Sources */,
			);
			runOnlyForDeploymentPostprocessing = 0;
		};
		940EE22E21AA9ED8005D26CF /* Sources */ = {
			isa = PBXSourcesBuildPhase;
			buildActionMask = 2147483647;
			files = (
				940EE23721AA9ED8005D26CF /* Whats_the_WeatherUITests.swift in Sources */,
			);
			runOnlyForDeploymentPostprocessing = 0;
		};
/* End PBXSourcesBuildPhase section */

/* Begin PBXTargetDependency section */
		940EE22921AA9ED8005D26CF /* PBXTargetDependency */ = {
			isa = PBXTargetDependency;
			target = 940EE21221AA9ED5005D26CF /* Whats the Weather */;
			targetProxy = 940EE22821AA9ED8005D26CF /* PBXContainerItemProxy */;
		};
		940EE23421AA9ED8005D26CF /* PBXTargetDependency */ = {
			isa = PBXTargetDependency;
			target = 940EE21221AA9ED5005D26CF /* Whats the Weather */;
			targetProxy = 940EE23321AA9ED8005D26CF /* PBXContainerItemProxy */;
		};
/* End PBXTargetDependency section */

/* Begin PBXVariantGroup section */
		940EE21A21AA9ED5005D26CF /* Main.storyboard */ = {
			isa = PBXVariantGroup;
			children = (
				940EE21B21AA9ED5005D26CF /* Base */,
			);
			name = Main.storyboard;
			sourceTree = "<group>";
		};
		940EE21F21AA9ED8005D26CF /* LaunchScreen.storyboard */ = {
			isa = PBXVariantGroup;
			children = (
				940EE22021AA9ED8005D26CF /* Base */,
			);
			name = LaunchScreen.storyboard;
			sourceTree = "<group>";
		};
/* End PBXVariantGroup section */

/* Begin XCBuildConfiguration section */
		940EE23921AA9ED8005D26CF /* Debug */ = {
			isa = XCBuildConfiguration;
			buildSettings = {
				ALWAYS_SEARCH_USER_PATHS = NO;
				CLANG_ANALYZER_NONNULL = YES;
				CLANG_ANALYZER_NUMBER_OBJECT_CONVERSION = YES_AGGRESSIVE;
				CLANG_CXX_LANGUAGE_STANDARD = "gnu++14";
				CLANG_CXX_LIBRARY = "libc++";
				CLANG_ENABLE_MODULES = YES;
				CLANG_ENABLE_OBJC_ARC = YES;
				CLANG_ENABLE_OBJC_WEAK = YES;
				CLANG_WARN_BLOCK_CAPTURE_AUTORELEASING = YES;
				CLANG_WARN_BOOL_CONVERSION = YES;
				CLANG_WARN_COMMA = YES;
				CLANG_WARN_CONSTANT_CONVERSION = YES;
				CLANG_WARN_DEPRECATED_OBJC_IMPLEMENTATIONS = YES;
				CLANG_WARN_DIRECT_OBJC_ISA_USAGE = YES_ERROR;
				CLANG_WARN_DOCUMENTATION_COMMENTS = YES;
				CLANG_WARN_EMPTY_BODY = YES;
				CLANG_WARN_ENUM_CONVERSION = YES;
				CLANG_WARN_INFINITE_RECURSION = YES;
				CLANG_WARN_INT_CONVERSION = YES;
				CLANG_WARN_NON_LITERAL_NULL_CONVERSION = YES;
				CLANG_WARN_OBJC_IMPLICIT_RETAIN_SELF = YES;
				CLANG_WARN_OBJC_LITERAL_CONVERSION = YES;
				CLANG_WARN_OBJC_ROOT_CLASS = YES_ERROR;
				CLANG_WARN_RANGE_LOOP_ANALYSIS = YES;
				CLANG_WARN_STRICT_PROTOTYPES = YES;
				CLANG_WARN_SUSPICIOUS_MOVE = YES;
				CLANG_WARN_UNGUARDED_AVAILABILITY = YES_AGGRESSIVE;
				CLANG_WARN_UNREACHABLE_CODE = YES;
				CLANG_WARN__DUPLICATE_METHOD_MATCH = YES;
				CODE_SIGN_IDENTITY = "iPhone Developer";
				COPY_PHASE_STRIP = NO;
				DEBUG_INFORMATION_FORMAT = dwarf;
				ENABLE_STRICT_OBJC_MSGSEND = YES;
				ENABLE_TESTABILITY = YES;
				GCC_C_LANGUAGE_STANDARD = gnu11;
				GCC_DYNAMIC_NO_PIC = NO;
				GCC_NO_COMMON_BLOCKS = YES;
				GCC_OPTIMIZATION_LEVEL = 0;
				GCC_PREPROCESSOR_DEFINITIONS = (
					"DEBUG=1",
					"$(inherited)",
				);
				GCC_WARN_64_TO_32_BIT_CONVERSION = YES;
				GCC_WARN_ABOUT_RETURN_TYPE = YES_ERROR;
				GCC_WARN_UNDECLARED_SELECTOR = YES;
				GCC_WARN_UNINITIALIZED_AUTOS = YES_AGGRESSIVE;
				GCC_WARN_UNUSED_FUNCTION = YES;
				GCC_WARN_UNUSED_VARIABLE = YES;
				IPHONEOS_DEPLOYMENT_TARGET = 12.1;
				MTL_ENABLE_DEBUG_INFO = INCLUDE_SOURCE;
				MTL_FAST_MATH = YES;
				ONLY_ACTIVE_ARCH = YES;
				SDKROOT = iphoneos;
				SWIFT_ACTIVE_COMPILATION_CONDITIONS = DEBUG;
				SWIFT_OPTIMIZATION_LEVEL = "-Onone";
			};
			name = Debug;
		};
		940EE23A21AA9ED8005D26CF /* Release */ = {
			isa = XCBuildConfiguration;
			buildSettings = {
				ALWAYS_SEARCH_USER_PATHS = NO;
				CLANG_ANALYZER_NONNULL = YES;
				CLANG_ANALYZER_NUMBER_OBJECT_CONVERSION = YES_AGGRESSIVE;
				CLANG_CXX_LANGUAGE_STANDARD = "gnu++14";
				CLANG_CXX_LIBRARY = "libc++";
				CLANG_ENABLE_MODULES = YES;
				CLANG_ENABLE_OBJC_ARC = YES;
				CLANG_ENABLE_OBJC_WEAK = YES;
				CLANG_WARN_BLOCK_CAPTURE_AUTORELEASING = YES;
				CLANG_WARN_BOOL_CONVERSION = YES;
				CLANG_WARN_COMMA = YES;
				CLANG_WARN_CONSTANT_CONVERSION = YES;
				CLANG_WARN_DEPRECATED_OBJC_IMPLEMENTATIONS = YES;
				CLANG_WARN_DIRECT_OBJC_ISA_USAGE = YES_ERROR;
				CLANG_WARN_DOCUMENTATION_COMMENTS = YES;
				CLANG_WARN_EMPTY_BODY = YES;
				CLANG_WARN_ENUM_CONVERSION = YES;
				CLANG_WARN_INFINITE_RECURSION = YES;
				CLANG_WARN_INT_CONVERSION = YES;
				CLANG_WARN_NON_LITERAL_NULL_CONVERSION = YES;
				CLANG_WARN_OBJC_IMPLICIT_RETAIN_SELF = YES;
				CLANG_WARN_OBJC_LITERAL_CONVERSION = YES;
				CLANG_WARN_OBJC_ROOT_CLASS = YES_ERROR;
				CLANG_WARN_RANGE_LOOP_ANALYSIS = YES;
				CLANG_WARN_STRICT_PROTOTYPES = YES;
				CLANG_WARN_SUSPICIOUS_MOVE = YES;
				CLANG_WARN_UNGUARDED_AVAILABILITY = YES_AGGRESSIVE;
				CLANG_WARN_UNREACHABLE_CODE = YES;
				CLANG_WARN__DUPLICATE_METHOD_MATCH = YES;
				CODE_SIGN_IDENTITY = "iPhone Developer";
				COPY_PHASE_STRIP = NO;
				DEBUG_INFORMATION_FORMAT = "dwarf-with-dsym";
				ENABLE_NS_ASSERTIONS = NO;
				ENABLE_STRICT_OBJC_MSGSEND = YES;
				GCC_C_LANGUAGE_STANDARD = gnu11;
				GCC_NO_COMMON_BLOCKS = YES;
				GCC_WARN_64_TO_32_BIT_CONVERSION = YES;
				GCC_WARN_ABOUT_RETURN_TYPE = YES_ERROR;
				GCC_WARN_UNDECLARED_SELECTOR = YES;
				GCC_WARN_UNINITIALIZED_AUTOS = YES_AGGRESSIVE;
				GCC_WARN_UNUSED_FUNCTION = YES;
				GCC_WARN_UNUSED_VARIABLE = YES;
				IPHONEOS_DEPLOYMENT_TARGET = 12.1;
				MTL_ENABLE_DEBUG_INFO = NO;
				MTL_FAST_MATH = YES;
				SDKROOT = iphoneos;
				SWIFT_COMPILATION_MODE = wholemodule;
				SWIFT_OPTIMIZATION_LEVEL = "-O";
				VALIDATE_PRODUCT = YES;
			};
			name = Release;
		};
		940EE23C21AA9ED8005D26CF /* Debug */ = {
			isa = XCBuildConfiguration;
			buildSettings = {
				ASSETCATALOG_COMPILER_APPICON_NAME = AppIcon;
				CODE_SIGN_STYLE = Manual;
				DEVELOPMENT_TEAM = "";
				INFOPLIST_FILE = "Whats the Weather/Info.plist";
				LD_RUNPATH_SEARCH_PATHS = (
					"$(inherited)",
					"@executable_path/Frameworks",
				);
				PRODUCT_BUNDLE_IDENTIFIER = "com.emredurukan.Whats-The-Weather";
				PRODUCT_NAME = "$(TARGET_NAME)";
				PROVISIONING_PROFILE_SPECIFIER = "";
				SWIFT_VERSION = 4.2;
				TARGETED_DEVICE_FAMILY = "1,2";
			};
			name = Debug;
		};
		940EE23D21AA9ED8005D26CF /* Release */ = {
			isa = XCBuildConfiguration;
			buildSettings = {
				ASSETCATALOG_COMPILER_APPICON_NAME = AppIcon;
				CODE_SIGN_STYLE = Manual;
				DEVELOPMENT_TEAM = "";
				INFOPLIST_FILE = "Whats the Weather/Info.plist";
				LD_RUNPATH_SEARCH_PATHS = (
					"$(inherited)",
					"@executable_path/Frameworks",
				);
				PRODUCT_BUNDLE_IDENTIFIER = "com.emredurukan.Whats-The-Weather";
				PRODUCT_NAME = "$(TARGET_NAME)";
				PROVISIONING_PROFILE_SPECIFIER = "";
				SWIFT_VERSION = 4.2;
				TARGETED_DEVICE_FAMILY = "1,2";
			};
			name = Release;
		};
		940EE23F21AA9ED8005D26CF /* Debug */ = {
			isa = XCBuildConfiguration;
			buildSettings = {
				ALWAYS_EMBED_SWIFT_STANDARD_LIBRARIES = YES;
				BUNDLE_LOADER = "$(TEST_HOST)";
				CODE_SIGN_STYLE = Automatic;
				DEVELOPMENT_TEAM = 8B693Y6LQ7;
				INFOPLIST_FILE = "Whats the WeatherTests/Info.plist";
				LD_RUNPATH_SEARCH_PATHS = (
					"$(inherited)",
					"@executable_path/Frameworks",
					"@loader_path/Frameworks",
				);
				PRODUCT_BUNDLE_IDENTIFIER = "com.emredurukan.Whats-the-WeatherTests";
				PRODUCT_NAME = "$(TARGET_NAME)";
				SWIFT_VERSION = 4.2;
				TARGETED_DEVICE_FAMILY = "1,2";
				TEST_HOST = "$(BUILT_PRODUCTS_DIR)/Whats the Weather.app/Whats the Weather";
			};
			name = Debug;
		};
		940EE24021AA9ED8005D26CF /* Release */ = {
			isa = XCBuildConfiguration;
			buildSettings = {
				ALWAYS_EMBED_SWIFT_STANDARD_LIBRARIES = YES;
				BUNDLE_LOADER = "$(TEST_HOST)";
				CODE_SIGN_STYLE = Automatic;
				DEVELOPMENT_TEAM = 8B693Y6LQ7;
				INFOPLIST_FILE = "Whats the WeatherTests/Info.plist";
				LD_RUNPATH_SEARCH_PATHS = (
					"$(inherited)",
					"@executable_path/Frameworks",
					"@loader_path/Frameworks",
				);
				PRODUCT_BUNDLE_IDENTIFIER = "com.emredurukan.Whats-the-WeatherTests";
				PRODUCT_NAME = "$(TARGET_NAME)";
				SWIFT_VERSION = 4.2;
				TARGETED_DEVICE_FAMILY = "1,2";
				TEST_HOST = "$(BUILT_PRODUCTS_DIR)/Whats the Weather.app/Whats the Weather";
			};
			name = Release;
		};
		940EE24221AA9ED8005D26CF /* Debug */ = {
			isa = XCBuildConfiguration;
			buildSettings = {
				ALWAYS_EMBED_SWIFT_STANDARD_LIBRARIES = YES;
				CODE_SIGN_STYLE = Automatic;
				DEVELOPMENT_TEAM = 8B693Y6LQ7;
				INFOPLIST_FILE = "Whats the WeatherUITests/Info.plist";
				LD_RUNPATH_SEARCH_PATHS = (
					"$(inherited)",
					"@executable_path/Frameworks",
					"@loader_path/Frameworks",
				);
				PRODUCT_BUNDLE_IDENTIFIER = "com.emredurukan.Whats-the-WeatherUITests";
				PRODUCT_NAME = "$(TARGET_NAME)";
				SWIFT_VERSION = 4.2;
				TARGETED_DEVICE_FAMILY = "1,2";
				TEST_TARGET_NAME = "Whats the Weather";
			};
			name = Debug;
		};
		940EE24321AA9ED8005D26CF /* Release */ = {
			isa = XCBuildConfiguration;
			buildSettings = {
				ALWAYS_EMBED_SWIFT_STANDARD_LIBRARIES = YES;
				CODE_SIGN_STYLE = Automatic;
				DEVELOPMENT_TEAM = 8B693Y6LQ7;
				INFOPLIST_FILE = "Whats the WeatherUITests/Info.plist";
				LD_RUNPATH_SEARCH_PATHS = (
					"$(inherited)",
					"@executable_path/Frameworks",
					"@loader_path/Frameworks",
				);
				PRODUCT_BUNDLE_IDENTIFIER = "com.emredurukan.Whats-the-WeatherUITests";
				PRODUCT_NAME = "$(TARGET_NAME)";
				SWIFT_VERSION = 4.2;
				TARGETED_DEVICE_FAMILY = "1,2";
				TEST_TARGET_NAME = "Whats the Weather";
			};
			name = Release;
		};
/* End XCBuildConfiguration section */

/* Begin XCConfigurationList section */
		940EE20E21AA9ED4005D26CF /* Build configuration list for PBXProject "Whats the Weather" */ = {
			isa = XCConfigurationList;
			buildConfigurations = (
				940EE23921AA9ED8005D26CF /* Debug */,
				940EE23A21AA9ED8005D26CF /* Release */,
			);
			defaultConfigurationIsVisible = 0;
			defaultConfigurationName = Release;
		};
		940EE23B21AA9ED8005D26CF /* Build configuration list for PBXNativeTarget "Whats the Weather" */ = {
			isa = XCConfigurationList;
			buildConfigurations = (
				940EE23C21AA9ED8005D26CF /* Debug */,
				940EE23D21AA9ED8005D26CF /* Release */,
			);
			defaultConfigurationIsVisible = 0;
			defaultConfigurationName = Release;
		};
		940EE23E21AA9ED8005D26CF /* Build configuration list for PBXNativeTarget "Whats the WeatherTests" */ = {
			isa = XCConfigurationList;
			buildConfigurations = (
				940EE23F21AA9ED8005D26CF /* Debug */,
				940EE24021AA9ED8005D26CF /* Release */,
			);
			defaultConfigurationIsVisible = 0;
			defaultConfigurationName = Release;
		};
		940EE24121AA9ED8005D26CF /* Build configuration list for PBXNativeTarget "Whats the WeatherUITests" */ = {
			isa = XCConfigurationList;
			buildConfigurations = (
				940EE24221AA9ED8005D26CF /* Debug */,
				940EE24321AA9ED8005D26CF /* Release */,
			);
			defaultConfigurationIsVisible = 0;
			defaultConfigurationName = Release;
		};
/* End XCConfigurationList section */
	};
	rootObject = 940EE20B21AA9ED4005D26CF /* Project object */;
}
